
Microsoft Visual Studio Solution File, Format Version 12.00
# Visual Studio Version 16
VisualStudioVersion = 16.0.31025.194
MinimumVisualStudioVersion = 10.0.40219.1
Project("{FAE04EC0-301F-11D3-BF4B-00C04F79EFBC}") = "Zadanie1", "Zadanie1.csproj", "{95204340-2523-483E-A8E3-1EE67EEDCD57}"
EndProject
Global
	GlobalSection(SolutionConfigurationPlatforms) = preSolution
		Debug|Any CPU = Debug|Any CPU
		Release|Any CPU = Release|Any CPU
	EndGlobalSection
	GlobalSection(ProjectConfigurationPlatforms) = postSolution
		{95204340-2523-483E-A8E3-1EE67EEDCD57}.Debug|Any CPU.ActiveCfg = Debug|Any CPU
		{95204340-2523-483E-A8E3-1EE67EEDCD57}.Debug|Any CPU.Build.0 = Debug|Any CPU
		{95204340-2523-483E-A8E3-1EE67EEDCD57}.Release|Any CPU.ActiveCfg = Release|Any CPU
		{95204340-2523-483E-A8E3-1EE67EEDCD57}.Release|Any CPU.Build.0 = Release|Any CPU
	EndGlobalSection
	GlobalSection(SolutionProperties) = preSolution
		HideSolutionNode = FALSE
	EndGlobalSection
	GlobalSection(ExtensibilityGlobals) = postSolution
		SolutionGuid = {A07E1990-9AFE-4ED0-BC50-A3943A5E32B5}
	EndGlobalSection
EndGlobal
